// !$*UTF8*$!
{
	archiveVersion = 1;
	classes = {
	};
	objectVersion = 56;
	objects = {

/* Begin PBXBuildFile section */
		C10D16012C099BCA004C76DA /* AppDelegate.swift in Sources */ = {isa = PBXBuildFile; fileRef = C10D16002C099BCA004C76DA /* AppDelegate.swift */; };
		C10D16032C099BCA004C76DA /* SceneDelegate.swift in Sources */ = {isa = PBXBuildFile; fileRef = C10D16022C099BCA004C76DA /* SceneDelegate.swift */; };
		C10D16082C099BCA004C76DA /* Base in Resources */ = {isa = PBXBuildFile; fileRef = C10D16072C099BCA004C76DA /* Base */; };
		C10D160B2C099BCA004C76DA /* LiveScoreApp.xcdatamodeld in Sources */ = {isa = PBXBuildFile; fileRef = C10D16092C099BCA004C76DA /* LiveScoreApp.xcdatamodeld */; };
		C10D160D2C099BCB004C76DA /* Assets.xcassets in Resources */ = {isa = PBXBuildFile; fileRef = C10D160C2C099BCB004C76DA /* Assets.xcassets */; };
		C10D16102C099BCB004C76DA /* Base in Resources */ = {isa = PBXBuildFile; fileRef = C10D160F2C099BCB004C76DA /* Base */; };
		C10D16192C099CA3004C76DA /* LoginController.swift in Sources */ = {isa = PBXBuildFile; fileRef = C10D16182C099CA3004C76DA /* LoginController.swift */; };
		C10D161B2C099CF2004C76DA /* RegisterController.swift in Sources */ = {isa = PBXBuildFile; fileRef = C10D161A2C099CF2004C76DA /* RegisterController.swift */; };
		C10D166A2C0B1201004C76DA /* FileManager.swift in Sources */ = {isa = PBXBuildFile; fileRef = C10D16692C0B1201004C76DA /* FileManager.swift */; };
		C10D166F2C0B150E004C76DA /* User.swift in Sources */ = {isa = PBXBuildFile; fileRef = C10D166E2C0B150E004C76DA /* User.swift */; };
		C10D16712C144388004C76DA /* HomeController.swift in Sources */ = {isa = PBXBuildFile; fileRef = C10D16702C144388004C76DA /* HomeController.swift */; };
		C197A8AE2C262D1E00DFB2DA /* LeagueCell.xib in Resources */ = {isa = PBXBuildFile; fileRef = C197A8AD2C262D1E00DFB2DA /* LeagueCell.xib */; };
		C197A8AF2C262D1E00DFB2DA /* LeagueCell.swift in Sources */ = {isa = PBXBuildFile; fileRef = C197A8AC2C262D1E00DFB2DA /* LeagueCell.swift */; };
		C197A8B32C26316700DFB2DA /* TeamsController.swift in Sources */ = {isa = PBXBuildFile; fileRef = C197A8B22C26316700DFB2DA /* TeamsController.swift */; };
		C197A8B72C26337200DFB2DA /* TeamsCell.xib in Resources */ = {isa = PBXBuildFile; fileRef = C197A8B62C26337200DFB2DA /* TeamsCell.xib */; };
		C197A8B82C26337200DFB2DA /* TeamsCell.swift in Sources */ = {isa = PBXBuildFile; fileRef = C197A8B52C26337200DFB2DA /* TeamsCell.swift */; };
		C1E594A02C1C22740050F080 /* FavoritesController.swift in Sources */ = {isa = PBXBuildFile; fileRef = C1E5949F2C1C22740050F080 /* FavoritesController.swift */; };
		C1E594A32C1C25AB0050F080 /* Football.json in Resources */ = {isa = PBXBuildFile; fileRef = C1E594A22C1C25AB0050F080 /* Football.json */; };
		C1E594A52C1C27160050F080 /* Football.swift in Sources */ = {isa = PBXBuildFile; fileRef = C1E594A42C1C27160050F080 /* Football.swift */; };
		C1E594A92C1C325D0050F080 /* LiveCell.swift in Sources */ = {isa = PBXBuildFile; fileRef = C1E594A72C1C325D0050F080 /* LiveCell.swift */; };
		C1E594AA2C1C325D0050F080 /* LiveCell.xib in Resources */ = {isa = PBXBuildFile; fileRef = C1E594A82C1C325D0050F080 /* LiveCell.xib */; };
		C1E594CE2C2333B70050F080 /* CountryController.swift in Sources */ = {isa = PBXBuildFile; fileRef = C1E594CD2C2333B70050F080 /* CountryController.swift */; };
/* End PBXBuildFile section */

/* Begin PBXFileReference section */
		C10D15FD2C099BCA004C76DA /* LiveScoreApp.app */ = {isa = PBXFileReference; explicitFileType = wrapper.application; includeInIndex = 0; path = LiveScoreApp.app; sourceTree = BUILT_PRODUCTS_DIR; };
		C10D16002C099BCA004C76DA /* AppDelegate.swift */ = {isa = PBXFileReference; lastKnownFileType = sourcecode.swift; path = AppDelegate.swift; sourceTree = "<group>"; };
		C10D16022C099BCA004C76DA /* SceneDelegate.swift */ = {isa = PBXFileReference; lastKnownFileType = sourcecode.swift; path = SceneDelegate.swift; sourceTree = "<group>"; };
		C10D16072C099BCA004C76DA /* Base */ = {isa = PBXFileReference; lastKnownFileType = file.storyboard; name = Base; path = Base.lproj/Main.storyboard; sourceTree = "<group>"; };
		C10D160A2C099BCA004C76DA /* LiveScoreApp.xcdatamodel */ = {isa = PBXFileReference; lastKnownFileType = wrapper.xcdatamodel; path = LiveScoreApp.xcdatamodel; sourceTree = "<group>"; };
		C10D160C2C099BCB004C76DA /* Assets.xcassets */ = {isa = PBXFileReference; lastKnownFileType = folder.assetcatalog; path = Assets.xcassets; sourceTree = "<group>"; };
		C10D160F2C099BCB004C76DA /* Base */ = {isa = PBXFileReference; lastKnownFileType = file.storyboard; name = Base; path = Base.lproj/LaunchScreen.storyboard; sourceTree = "<group>"; };
		C10D16112C099BCB004C76DA /* Info.plist */ = {isa = PBXFileReference; lastKnownFileType = text.plist.xml; path = Info.plist; sourceTree = "<group>"; };
		C10D16182C099CA3004C76DA /* LoginController.swift */ = {isa = PBXFileReference; lastKnownFileType = sourcecode.swift; path = LoginController.swift; sourceTree = "<group>"; };
		C10D161A2C099CF2004C76DA /* RegisterController.swift */ = {isa = PBXFileReference; lastKnownFileType = sourcecode.swift; path = RegisterController.swift; sourceTree = "<group>"; };
		C10D16692C0B1201004C76DA /* FileManager.swift */ = {isa = PBXFileReference; lastKnownFileType = sourcecode.swift; path = FileManager.swift; sourceTree = "<group>"; };
		C10D166E2C0B150E004C76DA /* User.swift */ = {isa = PBXFileReference; lastKnownFileType = sourcecode.swift; path = User.swift; sourceTree = "<group>"; };
		C10D16702C144388004C76DA /* HomeController.swift */ = {isa = PBXFileReference; lastKnownFileType = sourcecode.swift; path = HomeController.swift; sourceTree = "<group>"; };
		C197A8AC2C262D1E00DFB2DA /* LeagueCell.swift */ = {isa = PBXFileReference; lastKnownFileType = sourcecode.swift; path = LeagueCell.swift; sourceTree = "<group>"; };
		C197A8AD2C262D1E00DFB2DA /* LeagueCell.xib */ = {isa = PBXFileReference; lastKnownFileType = file.xib; path = LeagueCell.xib; sourceTree = "<group>"; };
		C197A8B22C26316700DFB2DA /* TeamsController.swift */ = {isa = PBXFileReference; lastKnownFileType = sourcecode.swift; path = TeamsController.swift; sourceTree = "<group>"; };
		C197A8B52C26337200DFB2DA /* TeamsCell.swift */ = {isa = PBXFileReference; lastKnownFileType = sourcecode.swift; path = TeamsCell.swift; sourceTree = "<group>"; };
		C197A8B62C26337200DFB2DA /* TeamsCell.xib */ = {isa = PBXFileReference; lastKnownFileType = file.xib; path = TeamsCell.xib; sourceTree = "<group>"; };
		C1E5949F2C1C22740050F080 /* FavoritesController.swift */ = {isa = PBXFileReference; lastKnownFileType = sourcecode.swift; path = FavoritesController.swift; sourceTree = "<group>"; };
		C1E594A22C1C25AB0050F080 /* Football.json */ = {isa = PBXFileReference; lastKnownFileType = text.json; path = Football.json; sourceTree = "<group>"; };
		C1E594A42C1C27160050F080 /* Football.swift */ = {isa = PBXFileReference; lastKnownFileType = sourcecode.swift; path = Football.swift; sourceTree = "<group>"; };
		C1E594A72C1C325D0050F080 /* LiveCell.swift */ = {isa = PBXFileReference; lastKnownFileType = sourcecode.swift; path = LiveCell.swift; sourceTree = "<group>"; };
		C1E594A82C1C325D0050F080 /* LiveCell.xib */ = {isa = PBXFileReference; lastKnownFileType = file.xib; path = LiveCell.xib; sourceTree = "<group>"; };
		C1E594CD2C2333B70050F080 /* CountryController.swift */ = {isa = PBXFileReference; lastKnownFileType = sourcecode.swift; path = CountryController.swift; sourceTree = "<group>"; };
/* End PBXFileReference section */

/* Begin PBXFrameworksBuildPhase section */
		C10D15FA2C099BCA004C76DA /* Frameworks */ = {
			isa = PBXFrameworksBuildPhase;
			buildActionMask = 2147483647;
			files = (
			);
			runOnlyForDeploymentPostprocessing = 0;
		};
/* End PBXFrameworksBuildPhase section */

/* Begin PBXGroup section */
		C10D15F42C099BCA004C76DA = {
			isa = PBXGroup;
			children = (
				C10D15FF2C099BCA004C76DA /* LiveScoreApp */,
				C10D15FE2C099BCA004C76DA /* Products */,
			);
			sourceTree = "<group>";
		};
		C10D15FE2C099BCA004C76DA /* Products */ = {
			isa = PBXGroup;
			children = (
				C10D15FD2C099BCA004C76DA /* LiveScoreApp.app */,
			);
			name = Products;
			sourceTree = "<group>";
		};
		C10D15FF2C099BCA004C76DA /* LiveScoreApp */ = {
			isa = PBXGroup;
			children = (
				C1E594A62C1C32440050F080 /* Cell */,
				C1E594A12C1C25950050F080 /* Data */,
				C10D166B2C0B14EE004C76DA /* Model */,
				C10D16682C0B11E4004C76DA /* Manager */,
				C10D16172C099C3E004C76DA /* Controller */,
				C10D16002C099BCA004C76DA /* AppDelegate.swift */,
				C10D16022C099BCA004C76DA /* SceneDelegate.swift */,
				C10D16062C099BCA004C76DA /* Main.storyboard */,
				C10D160C2C099BCB004C76DA /* Assets.xcassets */,
				C10D160E2C099BCB004C76DA /* LaunchScreen.storyboard */,
				C10D16112C099BCB004C76DA /* Info.plist */,
				C10D16092C099BCA004C76DA /* LiveScoreApp.xcdatamodeld */,
			);
			path = LiveScoreApp;
			sourceTree = "<group>";
		};
		C10D16172C099C3E004C76DA /* Controller */ = {
			isa = PBXGroup;
			children = (
				C10D16182C099CA3004C76DA /* LoginController.swift */,
				C10D161A2C099CF2004C76DA /* RegisterController.swift */,
				C10D16702C144388004C76DA /* HomeController.swift */,
				C1E5949F2C1C22740050F080 /* FavoritesController.swift */,
				C1E594CD2C2333B70050F080 /* CountryController.swift */,
				C197A8B22C26316700DFB2DA /* TeamsController.swift */,
			);
			path = Controller;
			sourceTree = "<group>";
		};
		C10D16682C0B11E4004C76DA /* Manager */ = {
			isa = PBXGroup;
			children = (
				C10D16692C0B1201004C76DA /* FileManager.swift */,
			);
			path = Manager;
			sourceTree = "<group>";
		};
		C10D166B2C0B14EE004C76DA /* Model */ = {
			isa = PBXGroup;
			children = (
				C10D166E2C0B150E004C76DA /* User.swift */,
				C1E594A42C1C27160050F080 /* Football.swift */,
			);
			path = Model;
			sourceTree = "<group>";
		};
		C197A8AA2C262CDB00DFB2DA /* LiveMatches */ = {
			isa = PBXGroup;
			children = (
				C1E594A72C1C325D0050F080 /* LiveCell.swift */,
				C1E594A82C1C325D0050F080 /* LiveCell.xib */,
			);
			path = LiveMatches;
			sourceTree = "<group>";
		};
		C197A8AB2C262D0800DFB2DA /* Leagues */ = {
			isa = PBXGroup;
			children = (
				C197A8AC2C262D1E00DFB2DA /* LeagueCell.swift */,
				C197A8AD2C262D1E00DFB2DA /* LeagueCell.xib */,
			);
			path = Leagues;
			sourceTree = "<group>";
		};
		C197A8B42C26335D00DFB2DA /* Teams */ = {
			isa = PBXGroup;
			children = (
				C197A8B52C26337200DFB2DA /* TeamsCell.swift */,
				C197A8B62C26337200DFB2DA /* TeamsCell.xib */,
			);
			path = Teams;
			sourceTree = "<group>";
		};
		C1E594A12C1C25950050F080 /* Data */ = {
			isa = PBXGroup;
			children = (
				C1E594A22C1C25AB0050F080 /* Football.json */,
			);
			path = Data;
			sourceTree = "<group>";
		};
		C1E594A62C1C32440050F080 /* Cell */ = {
			isa = PBXGroup;
			children = (
				C197A8B42C26335D00DFB2DA /* Teams */,
				C197A8AB2C262D0800DFB2DA /* Leagues */,
				C197A8AA2C262CDB00DFB2DA /* LiveMatches */,
			);
			path = Cell;
			sourceTree = "<group>";
		};
/* End PBXGroup section */

/* Begin PBXNativeTarget section */
		C10D15FC2C099BCA004C76DA /* LiveScoreApp */ = {
			isa = PBXNativeTarget;
			buildConfigurationList = C10D16142C099BCB004C76DA /* Build configuration list for PBXNativeTarget "LiveScoreApp" */;
			buildPhases = (
				C10D15F92C099BCA004C76DA /* Sources */,
				C10D15FA2C099BCA004C76DA /* Frameworks */,
				C10D15FB2C099BCA004C76DA /* Resources */,
			);
			buildRules = (
			);
			dependencies = (
			);
			name = LiveScoreApp;
			productName = LiveScoreApp;
			productReference = C10D15FD2C099BCA004C76DA /* LiveScoreApp.app */;
			productType = "com.apple.product-type.application";
		};
/* End PBXNativeTarget section */

/* Begin PBXProject section */
		C10D15F52C099BCA004C76DA /* Project object */ = {
			isa = PBXProject;
			attributes = {
				BuildIndependentTargetsInParallel = 1;
				LastSwiftUpdateCheck = 1530;
				LastUpgradeCheck = 1530;
				TargetAttributes = {
					C10D15FC2C099BCA004C76DA = {
						CreatedOnToolsVersion = 15.3;
					};
				};
			};
			buildConfigurationList = C10D15F82C099BCA004C76DA /* Build configuration list for PBXProject "LiveScoreApp" */;
			compatibilityVersion = "Xcode 14.0";
			developmentRegion = en;
			hasScannedForEncodings = 0;
			knownRegions = (
				en,
				Base,
			);
			mainGroup = C10D15F42C099BCA004C76DA;
			productRefGroup = C10D15FE2C099BCA004C76DA /* Products */;
			projectDirPath = "";
			projectRoot = "";
			targets = (
				C10D15FC2C099BCA004C76DA /* LiveScoreApp */,
			);
		};
/* End PBXProject section */

/* Begin PBXResourcesBuildPhase section */
		C10D15FB2C099BCA004C76DA /* Resources */ = {
			isa = PBXResourcesBuildPhase;
			buildActionMask = 2147483647;
			files = (
				C197A8B72C26337200DFB2DA /* TeamsCell.xib in Resources */,
				C1E594A32C1C25AB0050F080 /* Football.json in Resources */,
				C10D160D2C099BCB004C76DA /* Assets.xcassets in Resources */,
				C197A8AE2C262D1E00DFB2DA /* LeagueCell.xib in Resources */,
				C10D16102C099BCB004C76DA /* Base in Resources */,
				C10D16082C099BCA004C76DA /* Base in Resources */,
				C1E594AA2C1C325D0050F080 /* LiveCell.xib in Resources */,
			);
			runOnlyForDeploymentPostprocessing = 0;
		};
/* End PBXResourcesBuildPhase section */

/* Begin PBXSourcesBuildPhase section */
		C10D15F92C099BCA004C76DA /* Sources */ = {
			isa = PBXSourcesBuildPhase;
			buildActionMask = 2147483647;
			files = (
				C1E594A52C1C27160050F080 /* Football.swift in Sources */,
				C10D161B2C099CF2004C76DA /* RegisterController.swift in Sources */,
				C197A8B82C26337200DFB2DA /* TeamsCell.swift in Sources */,
				C197A8AF2C262D1E00DFB2DA /* LeagueCell.swift in Sources */,
				C10D16012C099BCA004C76DA /* AppDelegate.swift in Sources */,
				C1E594A02C1C22740050F080 /* FavoritesController.swift in Sources */,
				C1E594A92C1C325D0050F080 /* LiveCell.swift in Sources */,
				C10D16192C099CA3004C76DA /* LoginController.swift in Sources */,
				C1E594CE2C2333B70050F080 /* CountryController.swift in Sources */,
				C10D166A2C0B1201004C76DA /* FileManager.swift in Sources */,
				C10D16712C144388004C76DA /* HomeController.swift in Sources */,
				C10D160B2C099BCA004C76DA /* LiveScoreApp.xcdatamodeld in Sources */,
				C10D16032C099BCA004C76DA /* SceneDelegate.swift in Sources */,
				C197A8B32C26316700DFB2DA /* TeamsController.swift in Sources */,
				C10D166F2C0B150E004C76DA /* User.swift in Sources */,
			);
			runOnlyForDeploymentPostprocessing = 0;
		};
/* End PBXSourcesBuildPhase section */

/* Begin PBXVariantGroup section */
		C10D16062C099BCA004C76DA /* Main.storyboard */ = {
			isa = PBXVariantGroup;
			children = (
				C10D16072C099BCA004C76DA /* Base */,
			);
			name = Main.storyboard;
			sourceTree = "<group>";
		};
		C10D160E2C099BCB004C76DA /* LaunchScreen.storyboard */ = {
			isa = PBXVariantGroup;
			children = (
				C10D160F2C099BCB004C76DA /* Base */,
			);
			name = LaunchScreen.storyboard;
			sourceTree = "<group>";
		};
/* End PBXVariantGroup section */

/* Begin XCBuildConfiguration section */
		C10D16122C099BCB004C76DA /* Debug */ = {
			isa = XCBuildConfiguration;
			buildSettings = {
				ALWAYS_SEARCH_USER_PATHS = NO;
				ASSETCATALOG_COMPILER_GENERATE_SWIFT_ASSET_SYMBOL_EXTENSIONS = YES;
				CLANG_ANALYZER_NONNULL = YES;
				CLANG_ANALYZER_NUMBER_OBJECT_CONVERSION = YES_AGGRESSIVE;
				CLANG_CXX_LANGUAGE_STANDARD = "gnu++20";
				CLANG_ENABLE_MODULES = YES;
				CLANG_ENABLE_OBJC_ARC = YES;
				CLANG_ENABLE_OBJC_WEAK = YES;
				CLANG_WARN_BLOCK_CAPTURE_AUTORELEASING = YES;
				CLANG_WARN_BOOL_CONVERSION = YES;
				CLANG_WARN_COMMA = YES;
				CLANG_WARN_CONSTANT_CONVERSION = YES;
				CLANG_WARN_DEPRECATED_OBJC_IMPLEMENTATIONS = YES;
				CLANG_WARN_DIRECT_OBJC_ISA_USAGE = YES_ERROR;
				CLANG_WARN_DOCUMENTATION_COMMENTS = YES;
				CLANG_WARN_EMPTY_BODY = YES;
				CLANG_WARN_ENUM_CONVERSION = YES;
				CLANG_WARN_INFINITE_RECURSION = YES;
				CLANG_WARN_INT_CONVERSION = YES;
				CLANG_WARN_NON_LITERAL_NULL_CONVERSION = YES;
				CLANG_WARN_OBJC_IMPLICIT_RETAIN_SELF = YES;
				CLANG_WARN_OBJC_LITERAL_CONVERSION = YES;
				CLANG_WARN_OBJC_ROOT_CLASS = YES_ERROR;
				CLANG_WARN_QUOTED_INCLUDE_IN_FRAMEWORK_HEADER = YES;
				CLANG_WARN_RANGE_LOOP_ANALYSIS = YES;
				CLANG_WARN_STRICT_PROTOTYPES = YES;
				CLANG_WARN_SUSPICIOUS_MOVE = YES;
				CLANG_WARN_UNGUARDED_AVAILABILITY = YES_AGGRESSIVE;
				CLANG_WARN_UNREACHABLE_CODE = YES;
				CLANG_WARN__DUPLICATE_METHOD_MATCH = YES;
				COPY_PHASE_STRIP = NO;
				DEBUG_INFORMATION_FORMAT = dwarf;
				ENABLE_STRICT_OBJC_MSGSEND = YES;
				ENABLE_TESTABILITY = YES;
				ENABLE_USER_SCRIPT_SANDBOXING = YES;
				GCC_C_LANGUAGE_STANDARD = gnu17;
				GCC_DYNAMIC_NO_PIC = NO;
				GCC_NO_COMMON_BLOCKS = YES;
				GCC_OPTIMIZATION_LEVEL = 0;
				GCC_PREPROCESSOR_DEFINITIONS = (
					"DEBUG=1",
					"$(inherited)",
				);
				GCC_WARN_64_TO_32_BIT_CONVERSION = YES;
				GCC_WARN_ABOUT_RETURN_TYPE = YES_ERROR;
				GCC_WARN_UNDECLARED_SELECTOR = YES;
				GCC_WARN_UNINITIALIZED_AUTOS = YES_AGGRESSIVE;
				GCC_WARN_UNUSED_FUNCTION = YES;
				GCC_WARN_UNUSED_VARIABLE = YES;
				IPHONEOS_DEPLOYMENT_TARGET = 17.4;
				LOCALIZATION_PREFERS_STRING_CATALOGS = YES;
				MTL_ENABLE_DEBUG_INFO = INCLUDE_SOURCE;
				MTL_FAST_MATH = YES;
				ONLY_ACTIVE_ARCH = YES;
				SDKROOT = iphoneos;
				SWIFT_ACTIVE_COMPILATION_CONDITIONS = "DEBUG $(inherited)";
				SWIFT_OPTIMIZATION_LEVEL = "-Onone";
			};
			name = Debug;
		};
		C10D16132C099BCB004C76DA /* Release */ = {
			isa = XCBuildConfiguration;
			buildSettings = {
				ALWAYS_SEARCH_USER_PATHS = NO;
				ASSETCATALOG_COMPILER_GENERATE_SWIFT_ASSET_SYMBOL_EXTENSIONS = YES;
				CLANG_ANALYZER_NONNULL = YES;
				CLANG_ANALYZER_NUMBER_OBJECT_CONVERSION = YES_AGGRESSIVE;
				CLANG_CXX_LANGUAGE_STANDARD = "gnu++20";
				CLANG_ENABLE_MODULES = YES;
				CLANG_ENABLE_OBJC_ARC = YES;
				CLANG_ENABLE_OBJC_WEAK = YES;
				CLANG_WARN_BLOCK_CAPTURE_AUTORELEASING = YES;
				CLANG_WARN_BOOL_CONVERSION = YES;
				CLANG_WARN_COMMA = YES;
				CLANG_WARN_CONSTANT_CONVERSION = YES;
				CLANG_WARN_DEPRECATED_OBJC_IMPLEMENTATIONS = YES;
				CLANG_WARN_DIRECT_OBJC_ISA_USAGE = YES_ERROR;
				CLANG_WARN_DOCUMENTATION_COMMENTS = YES;
				CLANG_WARN_EMPTY_BODY = YES;
				CLANG_WARN_ENUM_CONVERSION = YES;
				CLANG_WARN_INFINITE_RECURSION = YES;
				CLANG_WARN_INT_CONVERSION = YES;
				CLANG_WARN_NON_LITERAL_NULL_CONVERSION = YES;
				CLANG_WARN_OBJC_IMPLICIT_RETAIN_SELF = YES;
				CLANG_WARN_OBJC_LITERAL_CONVERSION = YES;
				CLANG_WARN_OBJC_ROOT_CLASS = YES_ERROR;
				CLANG_WARN_QUOTED_INCLUDE_IN_FRAMEWORK_HEADER = YES;
				CLANG_WARN_RANGE_LOOP_ANALYSIS = YES;
				CLANG_WARN_STRICT_PROTOTYPES = YES;
				CLANG_WARN_SUSPICIOUS_MOVE = YES;
				CLANG_WARN_UNGUARDED_AVAILABILITY = YES_AGGRESSIVE;
				CLANG_WARN_UNREACHABLE_CODE = YES;
				CLANG_WARN__DUPLICATE_METHOD_MATCH = YES;
				COPY_PHASE_STRIP = NO;
				DEBUG_INFORMATION_FORMAT = "dwarf-with-dsym";
				ENABLE_NS_ASSERTIONS = NO;
				ENABLE_STRICT_OBJC_MSGSEND = YES;
				ENABLE_USER_SCRIPT_SANDBOXING = YES;
				GCC_C_LANGUAGE_STANDARD = gnu17;
				GCC_NO_COMMON_BLOCKS = YES;
				GCC_WARN_64_TO_32_BIT_CONVERSION = YES;
				GCC_WARN_ABOUT_RETURN_TYPE = YES_ERROR;
				GCC_WARN_UNDECLARED_SELECTOR = YES;
				GCC_WARN_UNINITIALIZED_AUTOS = YES_AGGRESSIVE;
				GCC_WARN_UNUSED_FUNCTION = YES;
				GCC_WARN_UNUSED_VARIABLE = YES;
				IPHONEOS_DEPLOYMENT_TARGET = 17.4;
				LOCALIZATION_PREFERS_STRING_CATALOGS = YES;
				MTL_ENABLE_DEBUG_INFO = NO;
				MTL_FAST_MATH = YES;
				SDKROOT = iphoneos;
				SWIFT_COMPILATION_MODE = wholemodule;
				VALIDATE_PRODUCT = YES;
			};
			name = Release;
		};
		C10D16152C099BCB004C76DA /* Debug */ = {
			isa = XCBuildConfiguration;
			buildSettings = {
				ASSETCATALOG_COMPILER_APPICON_NAME = AppIcon;
				ASSETCATALOG_COMPILER_GLOBAL_ACCENT_COLOR_NAME = AccentColor;
				CODE_SIGN_STYLE = Automatic;
				CURRENT_PROJECT_VERSION = 1;
				GENERATE_INFOPLIST_FILE = YES;
				INFOPLIST_FILE = LiveScoreApp/Info.plist;
				INFOPLIST_KEY_UIApplicationSupportsIndirectInputEvents = YES;
				INFOPLIST_KEY_UILaunchStoryboardName = LaunchScreen;
				INFOPLIST_KEY_UIMainStoryboardFile = Main;
				INFOPLIST_KEY_UISupportedInterfaceOrientations_iPad = "UIInterfaceOrientationPortrait UIInterfaceOrientationPortraitUpsideDown UIInterfaceOrientationLandscapeLeft UIInterfaceOrientationLandscapeRight";
				INFOPLIST_KEY_UISupportedInterfaceOrientations_iPhone = "UIInterfaceOrientationPortrait UIInterfaceOrientationLandscapeLeft UIInterfaceOrientationLandscapeRight";
				LD_RUNPATH_SEARCH_PATHS = (
					"$(inherited)",
					"@executable_path/Frameworks",
				);
				MARKETING_VERSION = 1.0;
				PRODUCT_BUNDLE_IDENTIFIER = com.panah.LiveScoreApp;
				PRODUCT_NAME = "$(TARGET_NAME)";
				SWIFT_EMIT_LOC_STRINGS = YES;
				SWIFT_VERSION = 5.0;
				TARGETED_DEVICE_FAMILY = "1,2";
			};
			name = Debug;
		};
		C10D16162C099BCB004C76DA /* Release */ = {
			isa = XCBuildConfiguration;
			buildSettings = {
				ASSETCATALOG_COMPILER_APPICON_NAME = AppIcon;
				ASSETCATALOG_COMPILER_GLOBAL_ACCENT_COLOR_NAME = AccentColor;
				CODE_SIGN_STYLE = Automatic;
				CURRENT_PROJECT_VERSION = 1;
				GENERATE_INFOPLIST_FILE = YES;
				INFOPLIST_FILE = LiveScoreApp/Info.plist;
				INFOPLIST_KEY_UIApplicationSupportsIndirectInputEvents = YES;
				INFOPLIST_KEY_UILaunchStoryboardName = LaunchScreen;
				INFOPLIST_KEY_UIMainStoryboardFile = Main;
				INFOPLIST_KEY_UISupportedInterfaceOrientations_iPad = "UIInterfaceOrientationPortrait UIInterfaceOrientationPortraitUpsideDown UIInterfaceOrientationLandscapeLeft UIInterfaceOrientationLandscapeRight";
				INFOPLIST_KEY_UISupportedInterfaceOrientations_iPhone = "UIInterfaceOrientationPortrait UIInterfaceOrientationLandscapeLeft UIInterfaceOrientationLandscapeRight";
				LD_RUNPATH_SEARCH_PATHS = (
					"$(inherited)",
					"@executable_path/Frameworks",
				);
				MARKETING_VERSION = 1.0;
				PRODUCT_BUNDLE_IDENTIFIER = com.panah.LiveScoreApp;
				PRODUCT_NAME = "$(TARGET_NAME)";
				SWIFT_EMIT_LOC_STRINGS = YES;
				SWIFT_VERSION = 5.0;
				TARGETED_DEVICE_FAMILY = "1,2";
			};
			name = Release;
		};
/* End XCBuildConfiguration section */

/* Begin XCConfigurationList section */
		C10D15F82C099BCA004C76DA /* Build configuration list for PBXProject "LiveScoreApp" */ = {
			isa = XCConfigurationList;
			buildConfigurations = (
				C10D16122C099BCB004C76DA /* Debug */,
				C10D16132C099BCB004C76DA /* Release */,
			);
			defaultConfigurationIsVisible = 0;
			defaultConfigurationName = Release;
		};
		C10D16142C099BCB004C76DA /* Build configuration list for PBXNativeTarget "LiveScoreApp" */ = {
			isa = XCConfigurationList;
			buildConfigurations = (
				C10D16152C099BCB004C76DA /* Debug */,
				C10D16162C099BCB004C76DA /* Release */,
			);
			defaultConfigurationIsVisible = 0;
			defaultConfigurationName = Release;
		};
/* End XCConfigurationList section */

/* Begin XCVersionGroup section */
		C10D16092C099BCA004C76DA /* LiveScoreApp.xcdatamodeld */ = {
			isa = XCVersionGroup;
			children = (
				C10D160A2C099BCA004C76DA /* LiveScoreApp.xcdatamodel */,
			);
			currentVersion = C10D160A2C099BCA004C76DA /* LiveScoreApp.xcdatamodel */;
			path = LiveScoreApp.xcdatamodeld;
			sourceTree = "<group>";
			versionGroupType = wrapper.xcdatamodel;
		};
/* End XCVersionGroup section */
	};
	rootObject = C10D15F52C099BCA004C76DA /* Project object */;
}
